{
  "version": 4,
  "terraform_version": "1.3.7",
  "serial": 27,
  "lineage": "82cb0494-bfeb-acf0-2015-4e1f4893493c",
  "outputs": {},
  "resources": [
    {
      "mode": "data",
      "type": "aws_ami",
      "name": "latest_ubuntu_image",
      "provider": "provider[\"registry.terraform.io/hashicorp/aws\"]",
      "instances": [
        {
          "schema_version": 0,
          "attributes": {
            "architecture": "x86_64",
            "arn": "arn:aws:ec2:us-east-1::image/ami-0778521d914d23bc1",
            "block_device_mappings": [
              {
                "device_name": "/dev/sda1",
                "ebs": {
                  "delete_on_termination": "true",
                  "encrypted": "false",
                  "iops": "0",
                  "snapshot_id": "snap-044a2cb95e3fa7b8a",
                  "throughput": "0",
                  "volume_size": "8",
                  "volume_type": "gp2"
                },
                "no_device": "",
                "virtual_name": ""
              },
              {
                "device_name": "/dev/sdb",
                "ebs": {},
                "no_device": "",
                "virtual_name": "ephemeral0"
              },
              {
                "device_name": "/dev/sdc",
                "ebs": {},
                "no_device": "",
                "virtual_name": "ephemeral1"
              }
            ],
            "boot_mode": "",
            "creation_date": "2023-01-13T19:22:52.000Z",
            "deprecation_time": "2025-01-13T19:22:52.000Z",
            "description": "Canonical, Ubuntu, 20.04 LTS, amd64 focal image build on 2023-01-12",
            "ena_support": true,
            "executable_users": null,
            "filter": [
              {
                "name": "name",
                "values": [
                  "ubuntu/images/hvm-ssd/ubuntu-focal-20.04-amd64-server-*"
                ]
              },
              {
                "name": "virtualization-type",
                "values": [
                  "hvm"
                ]
              }
            ],
            "hypervisor": "xen",
            "id": "ami-0778521d914d23bc1",
            "image_id": "ami-0778521d914d23bc1",
            "image_location": "amazon/ubuntu/images/hvm-ssd/ubuntu-focal-20.04-amd64-server-20230112",
            "image_owner_alias": "amazon",
            "image_type": "machine",
            "imds_support": "",
            "include_deprecated": false,
            "kernel_id": "",
            "most_recent": true,
            "name": "ubuntu/images/hvm-ssd/ubuntu-focal-20.04-amd64-server-20230112",
            "name_regex": null,
            "owner_id": "099720109477",
            "owners": [
              "amazon"
            ],
            "platform": "",
            "platform_details": "Linux/UNIX",
            "product_codes": [],
            "public": true,
            "ramdisk_id": "",
            "root_device_name": "/dev/sda1",
            "root_device_type": "ebs",
            "root_snapshot_id": "snap-044a2cb95e3fa7b8a",
            "sriov_net_support": "simple",
            "state": "available",
            "state_reason": {
              "code": "UNSET",
              "message": "UNSET"
            },
            "tags": {},
            "timeouts": null,
            "tpm_support": "",
            "usage_operation": "RunInstances",
            "virtualization_type": "hvm"
          },
          "sensitive_attributes": []
        }
      ]
    },
    {
      "mode": "managed",
      "type": "aws_instance",
      "name": "main",
      "provider": "provider[\"registry.terraform.io/hashicorp/aws\"]",
      "instances": [
        {
          "index_key": "subnet_01",
          "schema_version": 1,
          "attributes": {
            "ami": "ami-0778521d914d23bc1",
            "arn": "arn:aws:ec2:us-east-1:674416511128:instance/i-0abba8ecea72291b6",
            "associate_public_ip_address": true,
            "availability_zone": "us-east-1a",
            "capacity_reservation_specification": [
              {
                "capacity_reservation_preference": "open",
                "capacity_reservation_target": []
              }
            ],
            "cpu_core_count": 1,
            "cpu_threads_per_core": 1,
            "credit_specification": [
              {
                "cpu_credits": "standard"
              }
            ],
            "disable_api_stop": false,
            "disable_api_termination": false,
            "ebs_block_device": [],
            "ebs_optimized": false,
            "enclave_options": [
              {
                "enabled": false
              }
            ],
            "ephemeral_block_device": [],
            "get_password_data": false,
            "hibernation": false,
            "host_id": "",
            "host_resource_group_arn": null,
            "iam_instance_profile": "",
            "id": "i-0abba8ecea72291b6",
            "instance_initiated_shutdown_behavior": "stop",
            "instance_state": "running",
            "instance_type": "t2.micro",
            "ipv6_address_count": 0,
            "ipv6_addresses": [],
            "key_name": "tf_key",
            "launch_template": [],
            "maintenance_options": [
              {
                "auto_recovery": "default"
              }
            ],
            "metadata_options": [
              {
                "http_endpoint": "enabled",
                "http_put_response_hop_limit": 1,
                "http_tokens": "optional",
                "instance_metadata_tags": "disabled"
              }
            ],
            "monitoring": false,
            "network_interface": [],
            "outpost_arn": "",
            "password_data": "",
            "placement_group": "",
            "placement_partition_number": 0,
            "primary_network_interface_id": "eni-04d932712c0811937",
            "private_dns": "ip-172-17-1-7.ec2.internal",
            "private_dns_name_options": [
              {
                "enable_resource_name_dns_a_record": false,
                "enable_resource_name_dns_aaaa_record": false,
                "hostname_type": "ip-name"
              }
            ],
            "private_ip": "172.17.1.7",
            "public_dns": "ec2-3-80-50-105.compute-1.amazonaws.com",
            "public_ip": "3.80.50.105",
            "root_block_device": [
              {
                "delete_on_termination": true,
                "device_name": "/dev/sda1",
                "encrypted": false,
                "iops": 100,
                "kms_key_id": "",
                "tags": {},
                "throughput": 0,
                "volume_id": "vol-000dc9ba99da02006",
                "volume_size": 8,
                "volume_type": "gp2"
              }
            ],
            "secondary_private_ips": [],
            "security_groups": [],
            "source_dest_check": true,
            "subnet_id": "subnet-02faa4f82ed0fecbb",
            "tags": null,
            "tags_all": {},
            "tenancy": "default",
            "timeouts": null,
            "user_data": null,
            "user_data_base64": null,
            "user_data_replace_on_change": false,
            "volume_tags": null,
            "vpc_security_group_ids": [
              "sg-005da12a4b8c6bf7a"
            ]
          },
          "sensitive_attributes": [],
          "private": "eyJlMmJmYjczMC1lY2FhLTExZTYtOGY4OC0zNDM2M2JjN2M0YzAiOnsiY3JlYXRlIjo2MDAwMDAwMDAwMDAsImRlbGV0ZSI6MTIwMDAwMDAwMDAwMCwidXBkYXRlIjo2MDAwMDAwMDAwMDB9LCJzY2hlbWFfdmVyc2lvbiI6IjEifQ==",
          "dependencies": [
            "aws_security_group.alb_sg",
            "aws_security_group.instance_sg",
            "aws_subnet.subnets",
            "aws_vpc.main",
            "data.aws_ami.latest_ubuntu_image"
          ]
        },
        {
          "index_key": "subnet_02",
          "schema_version": 1,
          "attributes": {
            "ami": "ami-0778521d914d23bc1",
            "arn": "arn:aws:ec2:us-east-1:674416511128:instance/i-0d3836c1adc01bf41",
            "associate_public_ip_address": true,
            "availability_zone": "us-east-1b",
            "capacity_reservation_specification": [
              {
                "capacity_reservation_preference": "open",
                "capacity_reservation_target": []
              }
            ],
            "cpu_core_count": 1,
            "cpu_threads_per_core": 1,
            "credit_specification": [
              {
                "cpu_credits": "standard"
              }
            ],
            "disable_api_stop": false,
            "disable_api_termination": false,
            "ebs_block_device": [],
            "ebs_optimized": false,
            "enclave_options": [
              {
                "enabled": false
              }
            ],
            "ephemeral_block_device": [],
            "get_password_data": false,
            "hibernation": false,
            "host_id": "",
            "host_resource_group_arn": null,
            "iam_instance_profile": "",
            "id": "i-0d3836c1adc01bf41",
            "instance_initiated_shutdown_behavior": "stop",
            "instance_state": "running",
            "instance_type": "t2.micro",
            "ipv6_address_count": 0,
            "ipv6_addresses": [],
            "key_name": "tf_key",
            "launch_template": [],
            "maintenance_options": [
              {
                "auto_recovery": "default"
              }
            ],
            "metadata_options": [
              {
                "http_endpoint": "enabled",
                "http_put_response_hop_limit": 1,
                "http_tokens": "optional",
                "instance_metadata_tags": "disabled"
              }
            ],
            "monitoring": false,
            "network_interface": [],
            "outpost_arn": "",
            "password_data": "",
            "placement_group": "",
            "placement_partition_number": 0,
            "primary_network_interface_id": "eni-02c0fcbc4be2c9aa7",
            "private_dns": "ip-172-17-2-50.ec2.internal",
            "private_dns_name_options": [
              {
                "enable_resource_name_dns_a_record": false,
                "enable_resource_name_dns_aaaa_record": false,
                "hostname_type": "ip-name"
              }
            ],
            "private_ip": "172.17.2.50",
            "public_dns": "ec2-52-203-149-9.compute-1.amazonaws.com",
            "public_ip": "52.203.149.9",
            "root_block_device": [
              {
                "delete_on_termination": true,
                "device_name": "/dev/sda1",
                "encrypted": false,
                "iops": 100,
                "kms_key_id": "",
                "tags": {},
                "throughput": 0,
                "volume_id": "vol-0ee93d8433ef83015",
                "volume_size": 8,
                "volume_type": "gp2"
              }
            ],
            "secondary_private_ips": [],
            "security_groups": [],
            "source_dest_check": true,
            "subnet_id": "subnet-07e14244de61c821e",
            "tags": null,
            "tags_all": {},
            "tenancy": "default",
            "timeouts": null,
            "user_data": null,
            "user_data_base64": null,
            "user_data_replace_on_change": false,
            "volume_tags": null,
            "vpc_security_group_ids": [
              "sg-005da12a4b8c6bf7a"
            ]
          },
          "sensitive_attributes": [],
          "private": "eyJlMmJmYjczMC1lY2FhLTExZTYtOGY4OC0zNDM2M2JjN2M0YzAiOnsiY3JlYXRlIjo2MDAwMDAwMDAwMDAsImRlbGV0ZSI6MTIwMDAwMDAwMDAwMCwidXBkYXRlIjo2MDAwMDAwMDAwMDB9LCJzY2hlbWFfdmVyc2lvbiI6IjEifQ==",
          "dependencies": [
            "aws_security_group.alb_sg",
            "aws_security_group.instance_sg",
            "aws_subnet.subnets",
            "aws_vpc.main",
            "data.aws_ami.latest_ubuntu_image"
          ]
        },
        {
          "index_key": "subnet_03",
          "schema_version": 1,
          "attributes": {
            "ami": "ami-0778521d914d23bc1",
            "arn": "arn:aws:ec2:us-east-1:674416511128:instance/i-0e954bc297e709490",
            "associate_public_ip_address": true,
            "availability_zone": "us-east-1c",
            "capacity_reservation_specification": [
              {
                "capacity_reservation_preference": "open",
                "capacity_reservation_target": []
              }
            ],
            "cpu_core_count": 1,
            "cpu_threads_per_core": 1,
            "credit_specification": [
              {
                "cpu_credits": "standard"
              }
            ],
            "disable_api_stop": false,
            "disable_api_termination": false,
            "ebs_block_device": [],
            "ebs_optimized": false,
            "enclave_options": [
              {
                "enabled": false
              }
            ],
            "ephemeral_block_device": [],
            "get_password_data": false,
            "hibernation": false,
            "host_id": "",
            "host_resource_group_arn": null,
            "iam_instance_profile": "",
            "id": "i-0e954bc297e709490",
            "instance_initiated_shutdown_behavior": "stop",
            "instance_state": "running",
            "instance_type": "t2.micro",
            "ipv6_address_count": 0,
            "ipv6_addresses": [],
            "key_name": "tf_key",
            "launch_template": [],
            "maintenance_options": [
              {
                "auto_recovery": "default"
              }
            ],
            "metadata_options": [
              {
                "http_endpoint": "enabled",
                "http_put_response_hop_limit": 1,
                "http_tokens": "optional",
                "instance_metadata_tags": "disabled"
              }
            ],
            "monitoring": false,
            "network_interface": [],
            "outpost_arn": "",
            "password_data": "",
            "placement_group": "",
            "placement_partition_number": 0,
            "primary_network_interface_id": "eni-0828f5ca46f6751bf",
            "private_dns": "ip-172-17-3-215.ec2.internal",
            "private_dns_name_options": [
              {
                "enable_resource_name_dns_a_record": false,
                "enable_resource_name_dns_aaaa_record": false,
                "hostname_type": "ip-name"
              }
            ],
            "private_ip": "172.17.3.215",
            "public_dns": "ec2-18-209-228-214.compute-1.amazonaws.com",
            "public_ip": "18.209.228.214",
            "root_block_device": [
              {
                "delete_on_termination": true,
                "device_name": "/dev/sda1",
                "encrypted": false,
                "iops": 100,
                "kms_key_id": "",
                "tags": {},
                "throughput": 0,
                "volume_id": "vol-0f89211472dc5bb7c",
                "volume_size": 8,
                "volume_type": "gp2"
              }
            ],
            "secondary_private_ips": [],
            "security_groups": [],
            "source_dest_check": true,
            "subnet_id": "subnet-0afd26f7c0d3f487c",
            "tags": null,
            "tags_all": {},
            "tenancy": "default",
            "timeouts": null,
            "user_data": null,
            "user_data_base64": null,
            "user_data_replace_on_change": false,
            "volume_tags": null,
            "vpc_security_group_ids": [
              "sg-005da12a4b8c6bf7a"
            ]
          },
          "sensitive_attributes": [],
          "private": "eyJlMmJmYjczMC1lY2FhLTExZTYtOGY4OC0zNDM2M2JjN2M0YzAiOnsiY3JlYXRlIjo2MDAwMDAwMDAwMDAsImRlbGV0ZSI6MTIwMDAwMDAwMDAwMCwidXBkYXRlIjo2MDAwMDAwMDAwMDB9LCJzY2hlbWFfdmVyc2lvbiI6IjEifQ==",
          "dependencies": [
            "aws_security_group.alb_sg",
            "aws_security_group.instance_sg",
            "aws_subnet.subnets",
            "aws_vpc.main",
            "data.aws_ami.latest_ubuntu_image"
          ]
        }
      ]
    },
    {
      "mode": "managed",
      "type": "aws_internet_gateway",
      "name": "main",
      "provider": "provider[\"registry.terraform.io/hashicorp/aws\"]",
      "instances": [
        {
          "schema_version": 0,
          "attributes": {
            "arn": "arn:aws:ec2:us-east-1:674416511128:internet-gateway/igw-0671c8d52a6b362df",
            "id": "igw-0671c8d52a6b362df",
            "owner_id": "674416511128",
            "tags": {
              "Name": "tf_igw"
            },
            "tags_all": {
              "Name": "tf_igw"
            },
            "timeouts": null,
            "vpc_id": "vpc-0b19f6d2101f22a3d"
          },
          "sensitive_attributes": [],
          "private": "eyJlMmJmYjczMC1lY2FhLTExZTYtOGY4OC0zNDM2M2JjN2M0YzAiOnsiY3JlYXRlIjoxMjAwMDAwMDAwMDAwLCJkZWxldGUiOjEyMDAwMDAwMDAwMDAsInVwZGF0ZSI6MTIwMDAwMDAwMDAwMH19",
          "dependencies": [
            "aws_vpc.main"
          ]
        }
      ]
    },
    {
      "mode": "managed",
      "type": "aws_key_pair",
      "name": "generated_key",
      "provider": "provider[\"registry.terraform.io/hashicorp/aws\"]",
      "instances": [
        {
          "schema_version": 1,
          "attributes": {
            "arn": "arn:aws:ec2:us-east-1:674416511128:key-pair/tf_key",
            "fingerprint": "92:eb:b2:28:c7:b7:ca:5e:3f:d7:6d:07:96:bf:ab:29",
            "id": "tf_key",
            "key_name": "tf_key",
            "key_name_prefix": "",
            "key_pair_id": "key-0e77ce2fa96e162a0",
            "key_type": "rsa",
            "public_key": "ssh-rsa AAAAB3NzaC1yc2EAAAADAQABAAACAQCed+0sAfwiN0VHkfxY7p5EaQjcRV2fpKB8M4MC9xuTLpAiRcGKSXErno1FwGMuEnKCCDcYGpH2RI0B4P5Xrtk787JclieYgTBTfqa9N1ePd355dZEDaEiyJQInrnDSJBqnUd6eLNjnru83fvUXk/i2UgcTvE5DD2DvdoGCHcm4LgLKfMrZidXWDP3fwttAI0MQaFWowHFjObWuHkWaWEblpy5348KVxejp8PhhvTnOFXwSYP1myomANBj8aVpUpTEkYAQ9vm2lg1lyAugy4u0nKgZIHNA7x0rlJQ4hBW6ZVB/e/H1bf67abBGPrE9I+ObS79G0LZYetxmSkrhYcZ+CLxe2gNZvNeKaSqGn77BfI6z8wfwSbD+FpiCOg+tsQgynHL3qJZcDf1FS6oM/dCSabqRiAlItsJJqnYW3Msg8WJAo/MW/Ag8J29JFiKf/7daAVoPCFpTkDEAVYAd5ATJTvyntY7hOwL7XHl9+OT1pKWzXxUjPgad3gGAiBMSSKiw/QyQwNTby5nmSxasaJzrLJwmNcbX1R98D/0tDUnZ37xa0J/u+qmXDOwWyb4HMyUpKcHRlGrhyCWsrBhBgBTsMZqFp+p2Ps8dA6HZybk3RPrNRyBFQ1f+xw+f/J7yy4FZE614+Jc2PewWo/bnj2IR6ke7UbpAuorfnEnOsh1G0MQ==",
            "tags": null,
            "tags_all": {}
          },
          "sensitive_attributes": [],
          "private": "eyJzY2hlbWFfdmVyc2lvbiI6IjEifQ==",
          "dependencies": [
            "tls_private_key.main"
          ]
        }
      ]
    },
    {
      "mode": "managed",
      "type": "aws_lb",
      "name": "main",
      "provider": "provider[\"registry.terraform.io/hashicorp/aws\"]",
      "instances": [
        {
          "schema_version": 0,
          "attributes": {
            "access_logs": [
              {
                "bucket": "",
                "enabled": false,
                "prefix": ""
              }
            ],
            "arn": "arn:aws:elasticloadbalancing:us-east-1:674416511128:loadbalancer/app/tf-alb/c9eda7955d12a4f2",
            "arn_suffix": "app/tf-alb/c9eda7955d12a4f2",
            "customer_owned_ipv4_pool": "",
            "desync_mitigation_mode": "defensive",
            "dns_name": "tf-alb-1497184842.us-east-1.elb.amazonaws.com",
            "drop_invalid_header_fields": false,
            "enable_cross_zone_load_balancing": true,
            "enable_deletion_protection": false,
            "enable_http2": true,
            "enable_waf_fail_open": false,
            "id": "arn:aws:elasticloadbalancing:us-east-1:674416511128:loadbalancer/app/tf-alb/c9eda7955d12a4f2",
            "idle_timeout": 60,
            "internal": false,
            "ip_address_type": "ipv4",
            "load_balancer_type": "application",
            "name": "tf-alb",
            "name_prefix": null,
            "preserve_host_header": false,
            "security_groups": [
              "sg-0c759796956882f09"
            ],
            "subnet_mapping": [
              {
                "allocation_id": "",
                "ipv6_address": "",
                "outpost_id": "",
                "private_ipv4_address": "",
                "subnet_id": "subnet-02faa4f82ed0fecbb"
              },
              {
                "allocation_id": "",
                "ipv6_address": "",
                "outpost_id": "",
                "private_ipv4_address": "",
                "subnet_id": "subnet-07e14244de61c821e"
              },
              {
                "allocation_id": "",
                "ipv6_address": "",
                "outpost_id": "",
                "private_ipv4_address": "",
                "subnet_id": "subnet-0afd26f7c0d3f487c"
              }
            ],
            "subnets": [
              "subnet-02faa4f82ed0fecbb",
              "subnet-07e14244de61c821e",
              "subnet-0afd26f7c0d3f487c"
            ],
            "tags": null,
            "tags_all": {},
            "timeouts": null,
            "vpc_id": "vpc-0b19f6d2101f22a3d",
            "zone_id": "Z35SXDOTRQ7X7K"
          },
          "sensitive_attributes": [],
          "private": "eyJlMmJmYjczMC1lY2FhLTExZTYtOGY4OC0zNDM2M2JjN2M0YzAiOnsiY3JlYXRlIjo2MDAwMDAwMDAwMDAsImRlbGV0ZSI6NjAwMDAwMDAwMDAwLCJ1cGRhdGUiOjYwMDAwMDAwMDAwMH19",
          "dependencies": [
            "aws_security_group.alb_sg",
            "aws_subnet.subnets",
            "aws_vpc.main"
          ]
        }
      ]
    },
    {
      "mode": "managed",
      "type": "aws_lb_listener",
      "name": "http",
      "provider": "provider[\"registry.terraform.io/hashicorp/aws\"]",
      "instances": [
        {
          "schema_version": 0,
          "attributes": {
            "alpn_policy": null,
            "arn": "arn:aws:elasticloadbalancing:us-east-1:674416511128:listener/app/tf-alb/c9eda7955d12a4f2/22d635e944c1c92f",
            "certificate_arn": null,
            "default_action": [
              {
                "authenticate_cognito": [],
                "authenticate_oidc": [],
                "fixed_response": [],
                "forward": [],
                "order": 1,
                "redirect": [],
                "target_group_arn": "arn:aws:elasticloadbalancing:us-east-1:674416511128:targetgroup/tf-tg/d81eec5668eae6b1",
                "type": "forward"
              }
            ],
            "id": "arn:aws:elasticloadbalancing:us-east-1:674416511128:listener/app/tf-alb/c9eda7955d12a4f2/22d635e944c1c92f",
            "load_balancer_arn": "arn:aws:elasticloadbalancing:us-east-1:674416511128:loadbalancer/app/tf-alb/c9eda7955d12a4f2",
            "port": 80,
            "protocol": "HTTP",
            "ssl_policy": "",
            "tags": null,
            "tags_all": {},
            "timeouts": null
          },
          "sensitive_attributes": [],
          "private": "eyJlMmJmYjczMC1lY2FhLTExZTYtOGY4OC0zNDM2M2JjN2M0YzAiOnsicmVhZCI6NjAwMDAwMDAwMDAwfX0=",
          "dependencies": [
            "aws_lb.main",
            "aws_lb_target_group.main",
            "aws_security_group.alb_sg",
            "aws_subnet.subnets",
            "aws_vpc.main"
          ]
        }
      ]
    },
    {
      "mode": "managed",
      "type": "aws_lb_target_group",
      "name": "main",
      "provider": "provider[\"registry.terraform.io/hashicorp/aws\"]",
      "instances": [
        {
          "schema_version": 0,
          "attributes": {
            "arn": "arn:aws:elasticloadbalancing:us-east-1:674416511128:targetgroup/tf-tg/d81eec5668eae6b1",
            "arn_suffix": "targetgroup/tf-tg/d81eec5668eae6b1",
            "connection_termination": false,
            "deregistration_delay": "300",
            "health_check": [
              {
                "enabled": true,
                "healthy_threshold": 3,
                "interval": 30,
                "matcher": "200-299",
                "path": "/",
                "port": "80",
                "protocol": "HTTP",
                "timeout": 5,
                "unhealthy_threshold": 3
              }
            ],
            "id": "arn:aws:elasticloadbalancing:us-east-1:674416511128:targetgroup/tf-tg/d81eec5668eae6b1",
            "ip_address_type": "ipv4",
            "lambda_multi_value_headers_enabled": false,
            "load_balancing_algorithm_type": "round_robin",
            "name": "tf-tg",
            "name_prefix": null,
            "port": 80,
            "preserve_client_ip": null,
            "protocol": "HTTP",
            "protocol_version": "HTTP1",
            "proxy_protocol_v2": false,
            "slow_start": 0,
            "stickiness": [
              {
                "cookie_duration": 86400,
                "cookie_name": "",
                "enabled": false,
                "type": "lb_cookie"
              }
            ],
            "tags": null,
            "tags_all": {},
            "target_failover": [
              {
                "on_deregistration": null,
                "on_unhealthy": null
              }
            ],
            "target_type": "instance",
            "vpc_id": "vpc-0b19f6d2101f22a3d"
          },
          "sensitive_attributes": [],
          "private": "bnVsbA==",
          "dependencies": [
            "aws_vpc.main"
          ]
        }
      ]
    },
    {
      "mode": "managed",
      "type": "aws_lb_target_group_attachment",
      "name": "main",
      "provider": "provider[\"registry.terraform.io/hashicorp/aws\"]",
      "instances": [
        {
          "index_key": "subnet_01",
          "schema_version": 0,
          "attributes": {
            "availability_zone": null,
            "id": "arn:aws:elasticloadbalancing:us-east-1:674416511128:targetgroup/tf-tg/d81eec5668eae6b1-20230205111827371000000005",
            "port": 80,
            "target_group_arn": "arn:aws:elasticloadbalancing:us-east-1:674416511128:targetgroup/tf-tg/d81eec5668eae6b1",
            "target_id": "i-0abba8ecea72291b6"
          },
          "sensitive_attributes": [],
          "private": "bnVsbA==",
          "dependencies": [
            "aws_instance.main",
            "aws_lb_target_group.main",
            "aws_security_group.alb_sg",
            "aws_security_group.instance_sg",
            "aws_subnet.subnets",
            "aws_vpc.main",
            "data.aws_ami.latest_ubuntu_image"
          ]
        },
        {
          "index_key": "subnet_02",
          "schema_version": 0,
          "attributes": {
            "availability_zone": null,
            "id": "arn:aws:elasticloadbalancing:us-east-1:674416511128:targetgroup/tf-tg/d81eec5668eae6b1-20230205111827665200000007",
            "port": 80,
            "target_group_arn": "arn:aws:elasticloadbalancing:us-east-1:674416511128:targetgroup/tf-tg/d81eec5668eae6b1",
            "target_id": "i-0d3836c1adc01bf41"
          },
          "sensitive_attributes": [],
          "private": "bnVsbA==",
          "dependencies": [
            "aws_instance.main",
            "aws_lb_target_group.main",
            "aws_security_group.alb_sg",
            "aws_security_group.instance_sg",
            "aws_subnet.subnets",
            "aws_vpc.main",
            "data.aws_ami.latest_ubuntu_image"
          ]
        },
        {
          "index_key": "subnet_03",
          "schema_version": 0,
          "attributes": {
            "availability_zone": null,
            "id": "arn:aws:elasticloadbalancing:us-east-1:674416511128:targetgroup/tf-tg/d81eec5668eae6b1-20230205111827410000000006",
            "port": 80,
            "target_group_arn": "arn:aws:elasticloadbalancing:us-east-1:674416511128:targetgroup/tf-tg/d81eec5668eae6b1",
            "target_id": "i-0e954bc297e709490"
          },
          "sensitive_attributes": [],
          "private": "bnVsbA==",
          "dependencies": [
            "aws_instance.main",
            "aws_lb_target_group.main",
            "aws_security_group.alb_sg",
            "aws_security_group.instance_sg",
            "aws_subnet.subnets",
            "aws_vpc.main",
            "data.aws_ami.latest_ubuntu_image"
          ]
        }
      ]
    },
    {
      "mode": "managed",
      "type": "aws_route53_record",
      "name": "site_domain",
      "provider": "provider[\"registry.terraform.io/hashicorp/aws\"]",
      "instances": [
        {
          "schema_version": 2,
          "attributes": {
            "alias": [
              {
                "evaluate_target_health": true,
                "name": "tf-alb-1497184842.us-east-1.elb.amazonaws.com",
                "zone_id": "Z35SXDOTRQ7X7K"
              }
            ],
            "allow_overwrite": null,
            "failover_routing_policy": [],
            "fqdn": "terraform-test.azeemat.tech",
            "geolocation_routing_policy": [],
            "health_check_id": null,
            "id": "Z07957902E298O3E8Q9T8_terraform-test.azeemat.tech_A",
            "latency_routing_policy": [],
            "multivalue_answer_routing_policy": null,
            "name": "terraform-test.azeemat.tech",
            "records": null,
            "set_identifier": null,
            "ttl": null,
            "type": "A",
            "weighted_routing_policy": [],
            "zone_id": "Z07957902E298O3E8Q9T8"
          },
          "sensitive_attributes": [],
          "private": "eyJzY2hlbWFfdmVyc2lvbiI6IjIifQ==",
          "dependencies": [
            "aws_lb.main",
            "aws_route53_zone.hosted_zone",
            "aws_security_group.alb_sg",
            "aws_subnet.subnets",
            "aws_vpc.main"
          ]
        }
      ]
    },
    {
      "mode": "managed",
      "type": "aws_route53_zone",
      "name": "hosted_zone",
      "provider": "provider[\"registry.terraform.io/hashicorp/aws\"]",
      "instances": [
        {
          "schema_version": 0,
          "attributes": {
            "arn": "arn:aws:route53:::hostedzone/Z07957902E298O3E8Q9T8",
            "comment": "Managed by Terraform",
            "delegation_set_id": "",
            "force_destroy": false,
            "id": "Z07957902E298O3E8Q9T8",
            "name": "azeemat.tech",
            "name_servers": [
              "ns-1015.awsdns-62.net",
              "ns-1429.awsdns-50.org",
              "ns-1612.awsdns-09.co.uk",
              "ns-231.awsdns-28.com"
            ],
            "primary_name_server": "ns-231.awsdns-28.com",
            "tags": {
              "Environment": "dev"
            },
            "tags_all": {
              "Environment": "dev"
            },
            "vpc": [],
            "zone_id": "Z07957902E298O3E8Q9T8"
          },
          "sensitive_attributes": [],
          "private": "bnVsbA=="
        }
      ]
    },
    {
      "mode": "managed",
      "type": "aws_route_table",
      "name": "main",
      "provider": "provider[\"registry.terraform.io/hashicorp/aws\"]",
      "instances": [
        {
          "schema_version": 0,
          "attributes": {
            "arn": "arn:aws:ec2:us-east-1:674416511128:route-table/rtb-098cb3bbf019c740e",
            "id": "rtb-098cb3bbf019c740e",
            "owner_id": "674416511128",
            "propagating_vgws": [],
            "route": [
              {
                "carrier_gateway_id": "",
                "cidr_block": "0.0.0.0/0",
                "core_network_arn": "",
                "destination_prefix_list_id": "",
                "egress_only_gateway_id": "",
                "gateway_id": "igw-0671c8d52a6b362df",
                "instance_id": "",
                "ipv6_cidr_block": "",
                "local_gateway_id": "",
                "nat_gateway_id": "",
                "network_interface_id": "",
                "transit_gateway_id": "",
                "vpc_endpoint_id": "",
                "vpc_peering_connection_id": ""
              }
            ],
            "tags": {
              "Name": "tf_rtb"
            },
            "tags_all": {
              "Name": "tf_rtb"
            },
            "timeouts": null,
            "vpc_id": "vpc-0b19f6d2101f22a3d"
          },
          "sensitive_attributes": [],
          "private": "eyJlMmJmYjczMC1lY2FhLTExZTYtOGY4OC0zNDM2M2JjN2M0YzAiOnsiY3JlYXRlIjozMDAwMDAwMDAwMDAsImRlbGV0ZSI6MzAwMDAwMDAwMDAwLCJ1cGRhdGUiOjEyMDAwMDAwMDAwMH19",
          "dependencies": [
            "aws_internet_gateway.main",
            "aws_vpc.main"
          ]
        }
      ]
    },
    {
      "mode": "managed",
      "type": "aws_route_table_association",
      "name": "main",
      "provider": "provider[\"registry.terraform.io/hashicorp/aws\"]",
      "instances": [
        {
          "index_key": "subnet_01",
          "schema_version": 0,
          "attributes": {
            "gateway_id": "",
            "id": "rtbassoc-0f3770699d8cf81d5",
            "route_table_id": "rtb-098cb3bbf019c740e",
            "subnet_id": "subnet-02faa4f82ed0fecbb"
          },
          "sensitive_attributes": [],
          "private": "bnVsbA==",
          "dependencies": [
            "aws_internet_gateway.main",
            "aws_route_table.main",
            "aws_subnet.subnets",
            "aws_vpc.main"
          ]
        },
        {
          "index_key": "subnet_02",
          "schema_version": 0,
          "attributes": {
            "gateway_id": "",
            "id": "rtbassoc-0f255422b8b6ca7a4",
            "route_table_id": "rtb-098cb3bbf019c740e",
            "subnet_id": "subnet-07e14244de61c821e"
          },
          "sensitive_attributes": [],
          "private": "bnVsbA==",
          "dependencies": [
            "aws_internet_gateway.main",
            "aws_route_table.main",
            "aws_subnet.subnets",
            "aws_vpc.main"
          ]
        },
        {
          "index_key": "subnet_03",
          "schema_version": 0,
          "attributes": {
            "gateway_id": "",
            "id": "rtbassoc-0f9e03194906ef7ef",
            "route_table_id": "rtb-098cb3bbf019c740e",
            "subnet_id": "subnet-0afd26f7c0d3f487c"
          },
          "sensitive_attributes": [],
          "private": "bnVsbA==",
          "dependencies": [
            "aws_internet_gateway.main",
            "aws_route_table.main",
            "aws_subnet.subnets",
            "aws_vpc.main"
          ]
        }
      ]
    },
    {
      "mode": "managed",
      "type": "aws_security_group",
      "name": "alb_sg",
      "provider": "provider[\"registry.terraform.io/hashicorp/aws\"]",
      "instances": [
        {
          "schema_version": 1,
          "attributes": {
            "arn": "arn:aws:ec2:us-east-1:674416511128:security-group/sg-0c759796956882f09",
            "description": "Allow HTTPS and HTTP inbound traffic for application load balancer",
            "egress": [
              {
                "cidr_blocks": [
                  "0.0.0.0/0"
                ],
                "description": "",
                "from_port": 0,
                "ipv6_cidr_blocks": [],
                "prefix_list_ids": [],
                "protocol": "-1",
                "security_groups": [],
                "self": false,
                "to_port": 0
              }
            ],
            "id": "sg-0c759796956882f09",
            "ingress": [
              {
                "cidr_blocks": [
                  "0.0.0.0/0"
                ],
                "description": "",
                "from_port": 443,
                "ipv6_cidr_blocks": [],
                "prefix_list_ids": [],
                "protocol": "tcp",
                "security_groups": [],
                "self": false,
                "to_port": 443
              },
              {
                "cidr_blocks": [
                  "0.0.0.0/0"
                ],
                "description": "",
                "from_port": 80,
                "ipv6_cidr_blocks": [],
                "prefix_list_ids": [],
                "protocol": "tcp",
                "security_groups": [],
                "self": false,
                "to_port": 80
              }
            ],
            "name": "tf_alb_sg",
            "name_prefix": "",
            "owner_id": "674416511128",
            "revoke_rules_on_delete": false,
            "tags": null,
            "tags_all": {},
            "timeouts": null,
            "vpc_id": "vpc-0b19f6d2101f22a3d"
          },
          "sensitive_attributes": [],
          "private": "eyJlMmJmYjczMC1lY2FhLTExZTYtOGY4OC0zNDM2M2JjN2M0YzAiOnsiY3JlYXRlIjo2MDAwMDAwMDAwMDAsImRlbGV0ZSI6OTAwMDAwMDAwMDAwfSwic2NoZW1hX3ZlcnNpb24iOiIxIn0=",
          "dependencies": [
            "aws_vpc.main"
          ]
        }
      ]
    },
    {
      "mode": "managed",
      "type": "aws_security_group",
      "name": "instance_sg",
      "provider": "provider[\"registry.terraform.io/hashicorp/aws\"]",
      "instances": [
        {
          "schema_version": 1,
          "attributes": {
            "arn": "arn:aws:ec2:us-east-1:674416511128:security-group/sg-005da12a4b8c6bf7a",
            "description": "Allow HTTPS and HTTP inbound traffic for the instances",
            "egress": [
              {
                "cidr_blocks": [
                  "0.0.0.0/0"
                ],
                "description": "",
                "from_port": 0,
                "ipv6_cidr_blocks": [],
                "prefix_list_ids": [],
                "protocol": "-1",
                "security_groups": [],
                "self": false,
                "to_port": 0
              }
            ],
            "id": "sg-005da12a4b8c6bf7a",
            "ingress": [
              {
                "cidr_blocks": [
                  "0.0.0.0/0"
                ],
                "description": "Allow SSH",
                "from_port": 22,
                "ipv6_cidr_blocks": [],
                "prefix_list_ids": [],
                "protocol": "tcp",
                "security_groups": [],
                "self": false,
                "to_port": 22
              },
              {
                "cidr_blocks": [],
                "description": "",
                "from_port": 443,
                "ipv6_cidr_blocks": [],
                "prefix_list_ids": [],
                "protocol": "tcp",
                "security_groups": [
                  "sg-0c759796956882f09"
                ],
                "self": false,
                "to_port": 443
              },
              {
                "cidr_blocks": [],
                "description": "",
                "from_port": 80,
                "ipv6_cidr_blocks": [],
                "prefix_list_ids": [],
                "protocol": "tcp",
                "security_groups": [
                  "sg-0c759796956882f09"
                ],
                "self": false,
                "to_port": 80
              }
            ],
            "name": "tf_instances_sg",
            "name_prefix": "",
            "owner_id": "674416511128",
            "revoke_rules_on_delete": false,
            "tags": null,
            "tags_all": {},
            "timeouts": null,
            "vpc_id": "vpc-0b19f6d2101f22a3d"
          },
          "sensitive_attributes": [],
          "private": "eyJlMmJmYjczMC1lY2FhLTExZTYtOGY4OC0zNDM2M2JjN2M0YzAiOnsiY3JlYXRlIjo2MDAwMDAwMDAwMDAsImRlbGV0ZSI6OTAwMDAwMDAwMDAwfSwic2NoZW1hX3ZlcnNpb24iOiIxIn0=",
          "dependencies": [
            "aws_security_group.alb_sg",
            "aws_vpc.main"
          ]
        }
      ]
    },
    {
      "mode": "managed",
      "type": "aws_subnet",
      "name": "subnets",
      "provider": "provider[\"registry.terraform.io/hashicorp/aws\"]",
      "instances": [
        {
          "index_key": "subnet_01",
          "schema_version": 1,
          "attributes": {
            "arn": "arn:aws:ec2:us-east-1:674416511128:subnet/subnet-02faa4f82ed0fecbb",
            "assign_ipv6_address_on_creation": false,
            "availability_zone": "us-east-1a",
            "availability_zone_id": "use1-az4",
            "cidr_block": "172.17.1.0/24",
            "customer_owned_ipv4_pool": "",
            "enable_dns64": false,
            "enable_resource_name_dns_a_record_on_launch": false,
            "enable_resource_name_dns_aaaa_record_on_launch": false,
            "id": "subnet-02faa4f82ed0fecbb",
            "ipv6_cidr_block": "",
            "ipv6_cidr_block_association_id": "",
            "ipv6_native": false,
            "map_customer_owned_ip_on_launch": false,
            "map_public_ip_on_launch": false,
            "outpost_arn": "",
            "owner_id": "674416511128",
            "private_dns_hostname_type_on_launch": "ip-name",
            "tags": {
              "Name": "subnet_01"
            },
            "tags_all": {
              "Name": "subnet_01"
            },
            "timeouts": null,
            "vpc_id": "vpc-0b19f6d2101f22a3d"
          },
          "sensitive_attributes": [],
          "private": "eyJlMmJmYjczMC1lY2FhLTExZTYtOGY4OC0zNDM2M2JjN2M0YzAiOnsiY3JlYXRlIjo2MDAwMDAwMDAwMDAsImRlbGV0ZSI6MTIwMDAwMDAwMDAwMH0sInNjaGVtYV92ZXJzaW9uIjoiMSJ9",
          "dependencies": [
            "aws_vpc.main"
          ]
        },
        {
          "index_key": "subnet_02",
          "schema_version": 1,
          "attributes": {
            "arn": "arn:aws:ec2:us-east-1:674416511128:subnet/subnet-07e14244de61c821e",
            "assign_ipv6_address_on_creation": false,
            "availability_zone": "us-east-1b",
            "availability_zone_id": "use1-az6",
            "cidr_block": "172.17.2.0/24",
            "customer_owned_ipv4_pool": "",
            "enable_dns64": false,
            "enable_resource_name_dns_a_record_on_launch": false,
            "enable_resource_name_dns_aaaa_record_on_launch": false,
            "id": "subnet-07e14244de61c821e",
            "ipv6_cidr_block": "",
            "ipv6_cidr_block_association_id": "",
            "ipv6_native": false,
            "map_customer_owned_ip_on_launch": false,
            "map_public_ip_on_launch": false,
            "outpost_arn": "",
            "owner_id": "674416511128",
            "private_dns_hostname_type_on_launch": "ip-name",
            "tags": {
              "Name": "subnet_02"
            },
            "tags_all": {
              "Name": "subnet_02"
            },
            "timeouts": null,
            "vpc_id": "vpc-0b19f6d2101f22a3d"
          },
          "sensitive_attributes": [],
          "private": "eyJlMmJmYjczMC1lY2FhLTExZTYtOGY4OC0zNDM2M2JjN2M0YzAiOnsiY3JlYXRlIjo2MDAwMDAwMDAwMDAsImRlbGV0ZSI6MTIwMDAwMDAwMDAwMH0sInNjaGVtYV92ZXJzaW9uIjoiMSJ9",
          "dependencies": [
            "aws_vpc.main"
          ]
        },
        {
          "index_key": "subnet_03",
          "schema_version": 1,
          "attributes": {
            "arn": "arn:aws:ec2:us-east-1:674416511128:subnet/subnet-0afd26f7c0d3f487c",
            "assign_ipv6_address_on_creation": false,
            "availability_zone": "us-east-1c",
            "availability_zone_id": "use1-az1",
            "cidr_block": "172.17.3.0/24",
            "customer_owned_ipv4_pool": "",
            "enable_dns64": false,
            "enable_resource_name_dns_a_record_on_launch": false,
            "enable_resource_name_dns_aaaa_record_on_launch": false,
            "id": "subnet-0afd26f7c0d3f487c",
            "ipv6_cidr_block": "",
            "ipv6_cidr_block_association_id": "",
            "ipv6_native": false,
            "map_customer_owned_ip_on_launch": false,
            "map_public_ip_on_launch": false,
            "outpost_arn": "",
            "owner_id": "674416511128",
            "private_dns_hostname_type_on_launch": "ip-name",
            "tags": {
              "Name": "subnet_03"
            },
            "tags_all": {
              "Name": "subnet_03"
            },
            "timeouts": null,
            "vpc_id": "vpc-0b19f6d2101f22a3d"
          },
          "sensitive_attributes": [],
          "private": "eyJlMmJmYjczMC1lY2FhLTExZTYtOGY4OC0zNDM2M2JjN2M0YzAiOnsiY3JlYXRlIjo2MDAwMDAwMDAwMDAsImRlbGV0ZSI6MTIwMDAwMDAwMDAwMH0sInNjaGVtYV92ZXJzaW9uIjoiMSJ9",
          "dependencies": [
            "aws_vpc.main"
          ]
        }
      ]
    },
    {
      "mode": "managed",
      "type": "aws_vpc",
      "name": "main",
      "provider": "provider[\"registry.terraform.io/hashicorp/aws\"]",
      "instances": [
        {
          "schema_version": 1,
          "attributes": {
            "arn": "arn:aws:ec2:us-east-1:674416511128:vpc/vpc-0b19f6d2101f22a3d",
            "assign_generated_ipv6_cidr_block": false,
            "cidr_block": "172.17.0.0/16",
            "default_network_acl_id": "acl-0e81f62db34677bf0",
            "default_route_table_id": "rtb-07d9e60a5ec807ee4",
            "default_security_group_id": "sg-0b0c1b2b6397fde30",
            "dhcp_options_id": "dopt-0ef6744e2cf44db47",
            "enable_classiclink": false,
            "enable_classiclink_dns_support": false,
            "enable_dns_hostnames": true,
            "enable_dns_support": true,
            "enable_network_address_usage_metrics": false,
            "id": "vpc-0b19f6d2101f22a3d",
            "instance_tenancy": "default",
            "ipv4_ipam_pool_id": null,
            "ipv4_netmask_length": null,
            "ipv6_association_id": "",
            "ipv6_cidr_block": "",
            "ipv6_cidr_block_network_border_group": "",
            "ipv6_ipam_pool_id": "",
            "ipv6_netmask_length": 0,
            "main_route_table_id": "rtb-07d9e60a5ec807ee4",
            "owner_id": "674416511128",
            "tags": {
              "Name": "tf_vpc"
            },
            "tags_all": {
              "Name": "tf_vpc"
            }
          },
          "sensitive_attributes": [],
          "private": "eyJzY2hlbWFfdmVyc2lvbiI6IjEifQ=="
        }
      ]
    },
    {
      "mode": "managed",
      "type": "local_file",
      "name": "ssh_key",
      "provider": "provider[\"registry.terraform.io/hashicorp/local\"]",
      "instances": [
        {
          "schema_version": 0,
          "attributes": {
            "content": "-----BEGIN RSA PRIVATE KEY-----\nMIIJKQIBAAKCAgEAnnftLAH8IjdFR5H8WO6eRGkI3EVdn6SgfDODAvcbky6QIkXB\niklxK56NRcBjLhJyggg3GBqR9kSNAeD+V67ZO/OyXJYnmIEwU36mvTdXj3d+eXWR\nA2hIsiUCJ65w0iQap1HenizY567vN371F5P4tlIHE7xOQw9g73aBgh3JuC4CynzK\n2YnV1gz938LbQCNDEGhVqMBxYzm1rh5FmlhG5acud+PClcXo6fD4Yb05zhV8EmD9\nZsqJgDQY/GlaVKUxJGAEPb5tpYNZcgLoMuLtJyoGSBzQO8dK5SUOIQVumVQf3vx9\nW3+u2mwRj6xPSPjm0u/RtC2WHrcZkpK4WHGfgi8XtoDWbzXimkqhp++wXyOs/MH8\nEmw/haYgjoPrbEIMpxy96iWXA39RUuqDP3Qkmm6kYgJSLbCSap2FtzLIPFiQKPzF\nvwIPCdvSRYin/+3WgFaDwhaU5AxAFWAHeQEyU78p7WO4TsC+1x5ffjk9aSls18VI\nz4Gnd4BgIgTEkiosP0MkMDU28uZ5ksWrGic6yycJjXG19UffA/9LQ1J2d+8WtCf7\nvqplwzsFsm+BzMlKSnB0ZRq4cglrKwYQYAU7DGahafqdj7PHQOh2cm5N0T6zUcgR\nUNX/scPn/ye8suBWROtePiXNj3sFqP2549iEepHu1G6QLqK35xJzrIdRtDECAwEA\nAQKCAgEAj43im7A8oR5is0ArUsDvPNfNwAVSl/FBtOHROBl0sHNI/NMmTcjULYiX\nP+3VqwHpG6SnjD1dprNY7a/NmM77WdUc6cTYn83AYpLkJ5r/xiaguxTmxihtWnwu\nJJZg++za/GItAitsXw1ZBXQMQUy5zSgn4xf96b//t04qah3kA+Yifx5ngIPd4+en\nAFJ73fFTqoRpvNKApTu9OruPoA+CQj6d2NvKBXXg1jSGPbx2phtOZzPXuouV3j7T\nt60UuINhLiuRDAH7QCnqGF9Ly/VIkub+A8ueU9jpHwXfc8iA9YOAz7b5NK9JTfMC\nQZ39wQRBziqUVN3LFY4XK3Ggb/aWYKKpPReLQyBbKnm85ATtA92pEnNbFHzJCMic\nE5jZQyq302ceuM15YYPzQoaLV/zNr526OK0WvviMVevP+gQ2FXlgNPqrxKUTKkve\nbIEBC+hGdNmIpTxG6oO56DuE6a00IanogRJOV52dIcUxuRqHdRtXddvdkLGT9b9y\nz74iYd3rGJs6TMbOMSWt2BBNLtJuQ4N5ixiSRgfLm5XvG1GT8B4kCC+7Xk2wXghj\nZ8brJJwIe9SMVj3GjUXRnjYzkFhliGxI0yGnrli2Lzzuu+kzWnhC4gmP6u5cac4g\n7IrBRYNrqoSyXujIAv82/8uZqAtL9MMMkTkmC1Pamk/kbr/FdfECggEBAMuH/xxx\nCjBKTIeLe3EKmMinwp7A43Fu38zBRauTkk6XTxx8iX2xM2gsMkEN1HCv06rbIxoX\n6i2TD79k6651EiR8Gu0/6+/SNPYWKvcCNlAIs7ri5F1p/J83uuT3q05uCCKHddzk\nL1qvTzCXFntvXP9NF0vwC5DqiMuKy7D667GZfSvgLmte+Tubf/yEWAOfgas7CRpH\nLplL534g0ZN8zZuU1elSPJhA9rlUemHXpHg5kGfnUq6GoCVLK0LyFJA4lTaUC7pH\n4FQYUW4SKdyVvzwT0vDdcefbwUYmotpvsii1S82vTmJ9m3FecLTvXl3O47i7D8EY\nk4WLLto5wOefUzUCggEBAMdSBWkPZbADW98TBu79AxiSkfVlgJbqlQimVS2CqBvH\nsa/Tv83NyDPKbBwwYnq5PIl9BlqN9aychYRmW234j+nK1du9qM9TGObr+n1xhaLY\n7q1cj3ttcZAWZdmC8BGhxiEDRHS7zaA1kwAs/qBY2lO/8Ty3zdlJVaU1YL21HdA1\n+FAlVepX6+vamD3yEKQXYOG5qV5Jh9e3lt91PDEvvUOki0CgQ1J6/RUfWfYvpGpq\nTzP+b4x5qYMF8QHa1LegYGvKMIL+tRgXzcrI+VhIJ0ddF+2cw0R4QX6RMCpiBdC/\n9Ifc5U4+6t6QMZOaRGX217xRpSHTZeVAobwSTraJYI0CggEAKPdDku7xtQyPYMzj\nWLpgTCrwElIStXcylpzkMAew8B6mbr5mUiVDipkyuENXWiMZwI8A/rSHjwrFpalj\ngqbPswZDyTMPgyLVRB7sIPGSCwPlYR1gB6lYjpeCB6oOEeg1vPV09LP9EAyvLMGM\nZeXhWwWiRceYHGAIjqduHj4zCHkzZ4xk63mfQq8m0KW2rWwChnuIdoCTUYmkm49x\nf3UkUUdg0uiZh6+zuVPWmjD0SrqTZUZ7LuOsAjWiDIR7PRgWeHjN732eGm8WnMgN\nIvgFGMuIrrBzx85ElaEbMEpBGs565nh9l3devS/cEZ8IaGtHDJyiLCSNNNjx4jyz\npis8bQKCAQEAsKgEfZIU+URw16yAd66tYMj/LjTxHFD7F/h8A+MKZdy+omyVUa1y\nJFzjJrTHg6fLfLvftsCdHoh3WdpybGxh+L86fhCBnocyyfAaSbYk0ClemS4xSR6+\nCQug54BCkA4GkVnZAXE2FSmGiSBX6Pv3PUUgZUUu38c8bjl57Ympy9EZrMb6d8HH\nKnnKdxSlJRpHVqh78UJQcKOZx6GbYKjEIUCj3vpr0J2K036++BBPs7VXT2jRqvpl\nf+fzLEasQ7eT3dUM2/0tuhXW4kTvogwJLBnZTFKlSnke6zN5MgdAyjxnWUcxwQDI\nn8vC9OREfO6jVJg0OF+prt9yuUKsmuH1PQKCAQA6z7MFK/lIPIUm7TnlGeZL5Mil\nvJl31tBy++kcNzh/fBvfh6SN9qLLHq2B+TaW6Tlnrckq36XLyxwi3aMydeVOx/X7\nYg+YdMozVm1ibwEAxgVDrbV5QPhubYQZBQr+1d4KBzJzfu5q/+vP6Hozav8T51vs\nOJT9SnnkQM5kQQcRqIXxJelVvt2St8xMGhOF69aq1RfNERtw8ey1hlOIo5fDYORE\n34J1v8JZXDPH+CWw41P2qKhe/VsHfiiCw3J9YMaedFnu3eSxtrUVRTKtKXcFtBKc\naDqaCh4E8nwVdFCv3MOrycrIsD1yRb6ImuFhPAQD+yc0Uekf0yFBj4r7qSKd\n-----END RSA PRIVATE KEY-----\n",
            "content_base64": null,
            "directory_permission": "0777",
            "file_permission": "0400",
            "filename": "tf_key.pem",
            "id": "114a0dc94fa2592e15ba79a453808f0589283fa7",
            "sensitive_content": null,
            "source": null
          },
          "sensitive_attributes": [
            [
              {
                "type": "get_attr",
                "value": "content"
              }
            ]
          ],
          "dependencies": [
            "tls_private_key.main"
          ]
        }
      ]
    },
    {
      "mode": "managed",
      "type": "null_resource",
      "name": "ansible-playbook",
      "provider": "provider[\"registry.terraform.io/hashicorp/null\"]",
      "instances": [
        {
          "schema_version": 0,
          "attributes": {
            "id": "4174405678090434507",
            "triggers": null
          },
          "sensitive_attributes": [],
          "dependencies": [
            "aws_instance.main",
            "aws_security_group.alb_sg",
            "aws_security_group.instance_sg",
            "aws_subnet.subnets",
            "aws_vpc.main",
            "data.aws_ami.latest_ubuntu_image"
          ]
        }
      ]
    },
    {
      "mode": "managed",
      "type": "tls_private_key",
      "name": "main",
      "provider": "provider[\"registry.terraform.io/hashicorp/tls\"]",
      "instances": [
        {
          "schema_version": 1,
          "attributes": {
            "algorithm": "RSA",
            "ecdsa_curve": "P224",
            "id": "592499b8fbbba9100230958671826400ca2efa05",
            "private_key_openssh": "-----BEGIN OPENSSH PRIVATE KEY-----\nb3BlbnNzaC1rZXktdjEAAAAABG5vbmUAAAAEbm9uZQAAAAAAAAABAAACFwAAAAdz\nc2gtcnNhAAAAAwEAAQAAAgEAnnftLAH8IjdFR5H8WO6eRGkI3EVdn6SgfDODAvcb\nky6QIkXBiklxK56NRcBjLhJyggg3GBqR9kSNAeD+V67ZO/OyXJYnmIEwU36mvTdX\nj3d+eXWRA2hIsiUCJ65w0iQap1HenizY567vN371F5P4tlIHE7xOQw9g73aBgh3J\nuC4CynzK2YnV1gz938LbQCNDEGhVqMBxYzm1rh5FmlhG5acud+PClcXo6fD4Yb05\nzhV8EmD9ZsqJgDQY/GlaVKUxJGAEPb5tpYNZcgLoMuLtJyoGSBzQO8dK5SUOIQVu\nmVQf3vx9W3+u2mwRj6xPSPjm0u/RtC2WHrcZkpK4WHGfgi8XtoDWbzXimkqhp++w\nXyOs/MH8Emw/haYgjoPrbEIMpxy96iWXA39RUuqDP3Qkmm6kYgJSLbCSap2FtzLI\nPFiQKPzFvwIPCdvSRYin/+3WgFaDwhaU5AxAFWAHeQEyU78p7WO4TsC+1x5ffjk9\naSls18VIz4Gnd4BgIgTEkiosP0MkMDU28uZ5ksWrGic6yycJjXG19UffA/9LQ1J2\nd+8WtCf7vqplwzsFsm+BzMlKSnB0ZRq4cglrKwYQYAU7DGahafqdj7PHQOh2cm5N\n0T6zUcgRUNX/scPn/ye8suBWROtePiXNj3sFqP2549iEepHu1G6QLqK35xJzrIdR\ntDEAAAc47MdWmezHVpkAAAAHc3NoLXJzYQAAAgEAnnftLAH8IjdFR5H8WO6eRGkI\n3EVdn6SgfDODAvcbky6QIkXBiklxK56NRcBjLhJyggg3GBqR9kSNAeD+V67ZO/Oy\nXJYnmIEwU36mvTdXj3d+eXWRA2hIsiUCJ65w0iQap1HenizY567vN371F5P4tlIH\nE7xOQw9g73aBgh3JuC4CynzK2YnV1gz938LbQCNDEGhVqMBxYzm1rh5FmlhG5acu\nd+PClcXo6fD4Yb05zhV8EmD9ZsqJgDQY/GlaVKUxJGAEPb5tpYNZcgLoMuLtJyoG\nSBzQO8dK5SUOIQVumVQf3vx9W3+u2mwRj6xPSPjm0u/RtC2WHrcZkpK4WHGfgi8X\ntoDWbzXimkqhp++wXyOs/MH8Emw/haYgjoPrbEIMpxy96iWXA39RUuqDP3Qkmm6k\nYgJSLbCSap2FtzLIPFiQKPzFvwIPCdvSRYin/+3WgFaDwhaU5AxAFWAHeQEyU78p\n7WO4TsC+1x5ffjk9aSls18VIz4Gnd4BgIgTEkiosP0MkMDU28uZ5ksWrGic6yycJ\njXG19UffA/9LQ1J2d+8WtCf7vqplwzsFsm+BzMlKSnB0ZRq4cglrKwYQYAU7DGah\nafqdj7PHQOh2cm5N0T6zUcgRUNX/scPn/ye8suBWROtePiXNj3sFqP2549iEepHu\n1G6QLqK35xJzrIdRtDEAAAADAQABAAACAQCPjeKbsDyhHmKzQCtSwO88183ABVKX\n8UG04dE4GXSwc0j80yZNyNQtiJc/7dWrAekbpKeMPV2ms1jtr82YzvtZ1RzpxNif\nzcBikuQnmv/GJqC7FObGKG1afC4klmD77Nr8Yi0CK2xfDVkFdAxBTLnNKCfjF/3p\nv/+3TipqHeQD5iJ/HmeAg93j56cAUnvd8VOqhGm80oClO706u4+gD4JCPp3Y28oF\ndeDWNIY9vHamG05nM9e6i5XePtO3rRS4g2EuK5EMAftAKeoYX0vL9UiS5v4Dy55T\n2OkfBd9zyID1g4DPtvk0r0lN8wJBnf3BBEHOKpRU3csVjhcrcaBv9pZgoqk9F4tD\nIFsqebzkBO0D3akSc1sUfMkIyJwTmNlDKrfTZx64zXlhg/NChotX/M2vnbo4rRa+\n+IxV68/6BDYVeWA0+qvEpRMqS95sgQEL6EZ02YilPEbqg7noO4TprTQhqeiBEk5X\nnZ0hxTG5God1G1d1292QsZP1v3LPviJh3esYmzpMxs4xJa3YEE0u0m5Dg3mLGJJG\nB8uble8bUZPwHiQIL7teTbBeCGNnxusknAh71IxWPcaNRdGeNjOQWGWIbEjTIaeu\nWLYvPO676TNaeELiCY/q7lxpziDsisFFg2uqhLJe6MgC/zb/y5moC0v0wwyROSYL\nU9qaT+Ruv8V18QAAAQA6z7MFK/lIPIUm7TnlGeZL5MilvJl31tBy++kcNzh/fBvf\nh6SN9qLLHq2B+TaW6Tlnrckq36XLyxwi3aMydeVOx/X7Yg+YdMozVm1ibwEAxgVD\nrbV5QPhubYQZBQr+1d4KBzJzfu5q/+vP6Hozav8T51vsOJT9SnnkQM5kQQcRqIXx\nJelVvt2St8xMGhOF69aq1RfNERtw8ey1hlOIo5fDYORE34J1v8JZXDPH+CWw41P2\nqKhe/VsHfiiCw3J9YMaedFnu3eSxtrUVRTKtKXcFtBKcaDqaCh4E8nwVdFCv3MOr\nycrIsD1yRb6ImuFhPAQD+yc0Uekf0yFBj4r7qSKdAAABAQDLh/8ccQowSkyHi3tx\nCpjIp8KewONxbt/MwUWrk5JOl08cfIl9sTNoLDJBDdRwr9Oq2yMaF+otkw+/ZOuu\ndRIkfBrtP+vv0jT2Fir3AjZQCLO64uRdafyfN7rk96tObggih3Xc5C9ar08wlxZ7\nb1z/TRdL8AuQ6ojLisuw+uuxmX0r4C5rXvk7m3/8hFgDn4GrOwkaRy6ZS+d+INGT\nfM2blNXpUjyYQPa5VHph16R4OZBn51KuhqAlSytC8hSQOJU2lAu6R+BUGFFuEinc\nlb88E9Lw3XHn28FGJqLab7IotUvNr05ifZtxXnC0715dzuO4uw/BGJOFiy7aOcDn\nn1M1AAABAQDHUgVpD2WwA1vfEwbu/QMYkpH1ZYCW6pUIplUtgqgbx7Gv07/Nzcgz\nymwcMGJ6uTyJfQZajfWsnIWEZltt+I/pytXbvajPUxjm6/p9cYWi2O6tXI97bXGQ\nFmXZgvARocYhA0R0u82gNZMALP6gWNpTv/E8t83ZSVWlNWC9tR3QNfhQJVXqV+vr\n2pg98hCkF2DhualeSYfXt5bfdTwxL71DpItAoENSev0VH1n2L6Rqak8z/m+MeamD\nBfEB2tS3oGBryjCC/rUYF83KyPlYSCdHXRftnMNEeEF+kTAqYgXQv/SH3OVOPure\nkDGTmkRl9te8UaUh02XlQKG8Ek62iWCNAAAAAAEC\n-----END OPENSSH PRIVATE KEY-----\n",
            "private_key_pem": "-----BEGIN RSA PRIVATE KEY-----\nMIIJKQIBAAKCAgEAnnftLAH8IjdFR5H8WO6eRGkI3EVdn6SgfDODAvcbky6QIkXB\niklxK56NRcBjLhJyggg3GBqR9kSNAeD+V67ZO/OyXJYnmIEwU36mvTdXj3d+eXWR\nA2hIsiUCJ65w0iQap1HenizY567vN371F5P4tlIHE7xOQw9g73aBgh3JuC4CynzK\n2YnV1gz938LbQCNDEGhVqMBxYzm1rh5FmlhG5acud+PClcXo6fD4Yb05zhV8EmD9\nZsqJgDQY/GlaVKUxJGAEPb5tpYNZcgLoMuLtJyoGSBzQO8dK5SUOIQVumVQf3vx9\nW3+u2mwRj6xPSPjm0u/RtC2WHrcZkpK4WHGfgi8XtoDWbzXimkqhp++wXyOs/MH8\nEmw/haYgjoPrbEIMpxy96iWXA39RUuqDP3Qkmm6kYgJSLbCSap2FtzLIPFiQKPzF\nvwIPCdvSRYin/+3WgFaDwhaU5AxAFWAHeQEyU78p7WO4TsC+1x5ffjk9aSls18VI\nz4Gnd4BgIgTEkiosP0MkMDU28uZ5ksWrGic6yycJjXG19UffA/9LQ1J2d+8WtCf7\nvqplwzsFsm+BzMlKSnB0ZRq4cglrKwYQYAU7DGahafqdj7PHQOh2cm5N0T6zUcgR\nUNX/scPn/ye8suBWROtePiXNj3sFqP2549iEepHu1G6QLqK35xJzrIdRtDECAwEA\nAQKCAgEAj43im7A8oR5is0ArUsDvPNfNwAVSl/FBtOHROBl0sHNI/NMmTcjULYiX\nP+3VqwHpG6SnjD1dprNY7a/NmM77WdUc6cTYn83AYpLkJ5r/xiaguxTmxihtWnwu\nJJZg++za/GItAitsXw1ZBXQMQUy5zSgn4xf96b//t04qah3kA+Yifx5ngIPd4+en\nAFJ73fFTqoRpvNKApTu9OruPoA+CQj6d2NvKBXXg1jSGPbx2phtOZzPXuouV3j7T\nt60UuINhLiuRDAH7QCnqGF9Ly/VIkub+A8ueU9jpHwXfc8iA9YOAz7b5NK9JTfMC\nQZ39wQRBziqUVN3LFY4XK3Ggb/aWYKKpPReLQyBbKnm85ATtA92pEnNbFHzJCMic\nE5jZQyq302ceuM15YYPzQoaLV/zNr526OK0WvviMVevP+gQ2FXlgNPqrxKUTKkve\nbIEBC+hGdNmIpTxG6oO56DuE6a00IanogRJOV52dIcUxuRqHdRtXddvdkLGT9b9y\nz74iYd3rGJs6TMbOMSWt2BBNLtJuQ4N5ixiSRgfLm5XvG1GT8B4kCC+7Xk2wXghj\nZ8brJJwIe9SMVj3GjUXRnjYzkFhliGxI0yGnrli2Lzzuu+kzWnhC4gmP6u5cac4g\n7IrBRYNrqoSyXujIAv82/8uZqAtL9MMMkTkmC1Pamk/kbr/FdfECggEBAMuH/xxx\nCjBKTIeLe3EKmMinwp7A43Fu38zBRauTkk6XTxx8iX2xM2gsMkEN1HCv06rbIxoX\n6i2TD79k6651EiR8Gu0/6+/SNPYWKvcCNlAIs7ri5F1p/J83uuT3q05uCCKHddzk\nL1qvTzCXFntvXP9NF0vwC5DqiMuKy7D667GZfSvgLmte+Tubf/yEWAOfgas7CRpH\nLplL534g0ZN8zZuU1elSPJhA9rlUemHXpHg5kGfnUq6GoCVLK0LyFJA4lTaUC7pH\n4FQYUW4SKdyVvzwT0vDdcefbwUYmotpvsii1S82vTmJ9m3FecLTvXl3O47i7D8EY\nk4WLLto5wOefUzUCggEBAMdSBWkPZbADW98TBu79AxiSkfVlgJbqlQimVS2CqBvH\nsa/Tv83NyDPKbBwwYnq5PIl9BlqN9aychYRmW234j+nK1du9qM9TGObr+n1xhaLY\n7q1cj3ttcZAWZdmC8BGhxiEDRHS7zaA1kwAs/qBY2lO/8Ty3zdlJVaU1YL21HdA1\n+FAlVepX6+vamD3yEKQXYOG5qV5Jh9e3lt91PDEvvUOki0CgQ1J6/RUfWfYvpGpq\nTzP+b4x5qYMF8QHa1LegYGvKMIL+tRgXzcrI+VhIJ0ddF+2cw0R4QX6RMCpiBdC/\n9Ifc5U4+6t6QMZOaRGX217xRpSHTZeVAobwSTraJYI0CggEAKPdDku7xtQyPYMzj\nWLpgTCrwElIStXcylpzkMAew8B6mbr5mUiVDipkyuENXWiMZwI8A/rSHjwrFpalj\ngqbPswZDyTMPgyLVRB7sIPGSCwPlYR1gB6lYjpeCB6oOEeg1vPV09LP9EAyvLMGM\nZeXhWwWiRceYHGAIjqduHj4zCHkzZ4xk63mfQq8m0KW2rWwChnuIdoCTUYmkm49x\nf3UkUUdg0uiZh6+zuVPWmjD0SrqTZUZ7LuOsAjWiDIR7PRgWeHjN732eGm8WnMgN\nIvgFGMuIrrBzx85ElaEbMEpBGs565nh9l3devS/cEZ8IaGtHDJyiLCSNNNjx4jyz\npis8bQKCAQEAsKgEfZIU+URw16yAd66tYMj/LjTxHFD7F/h8A+MKZdy+omyVUa1y\nJFzjJrTHg6fLfLvftsCdHoh3WdpybGxh+L86fhCBnocyyfAaSbYk0ClemS4xSR6+\nCQug54BCkA4GkVnZAXE2FSmGiSBX6Pv3PUUgZUUu38c8bjl57Ympy9EZrMb6d8HH\nKnnKdxSlJRpHVqh78UJQcKOZx6GbYKjEIUCj3vpr0J2K036++BBPs7VXT2jRqvpl\nf+fzLEasQ7eT3dUM2/0tuhXW4kTvogwJLBnZTFKlSnke6zN5MgdAyjxnWUcxwQDI\nn8vC9OREfO6jVJg0OF+prt9yuUKsmuH1PQKCAQA6z7MFK/lIPIUm7TnlGeZL5Mil\nvJl31tBy++kcNzh/fBvfh6SN9qLLHq2B+TaW6Tlnrckq36XLyxwi3aMydeVOx/X7\nYg+YdMozVm1ibwEAxgVDrbV5QPhubYQZBQr+1d4KBzJzfu5q/+vP6Hozav8T51vs\nOJT9SnnkQM5kQQcRqIXxJelVvt2St8xMGhOF69aq1RfNERtw8ey1hlOIo5fDYORE\n34J1v8JZXDPH+CWw41P2qKhe/VsHfiiCw3J9YMaedFnu3eSxtrUVRTKtKXcFtBKc\naDqaCh4E8nwVdFCv3MOrycrIsD1yRb6ImuFhPAQD+yc0Uekf0yFBj4r7qSKd\n-----END RSA PRIVATE KEY-----\n",
            "private_key_pem_pkcs8": "-----BEGIN PRIVATE KEY-----\nMIIJQwIBADANBgkqhkiG9w0BAQEFAASCCS0wggkpAgEAAoICAQCed+0sAfwiN0VH\nkfxY7p5EaQjcRV2fpKB8M4MC9xuTLpAiRcGKSXErno1FwGMuEnKCCDcYGpH2RI0B\n4P5Xrtk787JclieYgTBTfqa9N1ePd355dZEDaEiyJQInrnDSJBqnUd6eLNjnru83\nfvUXk/i2UgcTvE5DD2DvdoGCHcm4LgLKfMrZidXWDP3fwttAI0MQaFWowHFjObWu\nHkWaWEblpy5348KVxejp8PhhvTnOFXwSYP1myomANBj8aVpUpTEkYAQ9vm2lg1ly\nAugy4u0nKgZIHNA7x0rlJQ4hBW6ZVB/e/H1bf67abBGPrE9I+ObS79G0LZYetxmS\nkrhYcZ+CLxe2gNZvNeKaSqGn77BfI6z8wfwSbD+FpiCOg+tsQgynHL3qJZcDf1FS\n6oM/dCSabqRiAlItsJJqnYW3Msg8WJAo/MW/Ag8J29JFiKf/7daAVoPCFpTkDEAV\nYAd5ATJTvyntY7hOwL7XHl9+OT1pKWzXxUjPgad3gGAiBMSSKiw/QyQwNTby5nmS\nxasaJzrLJwmNcbX1R98D/0tDUnZ37xa0J/u+qmXDOwWyb4HMyUpKcHRlGrhyCWsr\nBhBgBTsMZqFp+p2Ps8dA6HZybk3RPrNRyBFQ1f+xw+f/J7yy4FZE614+Jc2PewWo\n/bnj2IR6ke7UbpAuorfnEnOsh1G0MQIDAQABAoICAQCPjeKbsDyhHmKzQCtSwO88\n183ABVKX8UG04dE4GXSwc0j80yZNyNQtiJc/7dWrAekbpKeMPV2ms1jtr82YzvtZ\n1RzpxNifzcBikuQnmv/GJqC7FObGKG1afC4klmD77Nr8Yi0CK2xfDVkFdAxBTLnN\nKCfjF/3pv/+3TipqHeQD5iJ/HmeAg93j56cAUnvd8VOqhGm80oClO706u4+gD4JC\nPp3Y28oFdeDWNIY9vHamG05nM9e6i5XePtO3rRS4g2EuK5EMAftAKeoYX0vL9UiS\n5v4Dy55T2OkfBd9zyID1g4DPtvk0r0lN8wJBnf3BBEHOKpRU3csVjhcrcaBv9pZg\noqk9F4tDIFsqebzkBO0D3akSc1sUfMkIyJwTmNlDKrfTZx64zXlhg/NChotX/M2v\nnbo4rRa++IxV68/6BDYVeWA0+qvEpRMqS95sgQEL6EZ02YilPEbqg7noO4TprTQh\nqeiBEk5XnZ0hxTG5God1G1d1292QsZP1v3LPviJh3esYmzpMxs4xJa3YEE0u0m5D\ng3mLGJJGB8uble8bUZPwHiQIL7teTbBeCGNnxusknAh71IxWPcaNRdGeNjOQWGWI\nbEjTIaeuWLYvPO676TNaeELiCY/q7lxpziDsisFFg2uqhLJe6MgC/zb/y5moC0v0\nwwyROSYLU9qaT+Ruv8V18QKCAQEAy4f/HHEKMEpMh4t7cQqYyKfCnsDjcW7fzMFF\nq5OSTpdPHHyJfbEzaCwyQQ3UcK/TqtsjGhfqLZMPv2TrrnUSJHwa7T/r79I09hYq\n9wI2UAizuuLkXWn8nze65PerTm4IIod13OQvWq9PMJcWe29c/00XS/ALkOqIy4rL\nsPrrsZl9K+Aua175O5t//IRYA5+BqzsJGkcumUvnfiDRk3zNm5TV6VI8mED2uVR6\nYdekeDmQZ+dSroagJUsrQvIUkDiVNpQLukfgVBhRbhIp3JW/PBPS8N1x59vBRiai\n2m+yKLVLza9OYn2bcV5wtO9eXc7juLsPwRiThYsu2jnA559TNQKCAQEAx1IFaQ9l\nsANb3xMG7v0DGJKR9WWAluqVCKZVLYKoG8exr9O/zc3IM8psHDBierk8iX0GWo31\nrJyFhGZbbfiP6crV272oz1MY5uv6fXGFotjurVyPe21xkBZl2YLwEaHGIQNEdLvN\noDWTACz+oFjaU7/xPLfN2UlVpTVgvbUd0DX4UCVV6lfr69qYPfIQpBdg4bmpXkmH\n17eW33U8MS+9Q6SLQKBDUnr9FR9Z9i+kampPM/5vjHmpgwXxAdrUt6Bga8owgv61\nGBfNysj5WEgnR10X7ZzDRHhBfpEwKmIF0L/0h9zlTj7q3pAxk5pEZfbXvFGlIdNl\n5UChvBJOtolgjQKCAQAo90OS7vG1DI9gzONYumBMKvASUhK1dzKWnOQwB7DwHqZu\nvmZSJUOKmTK4Q1daIxnAjwD+tIePCsWlqWOCps+zBkPJMw+DItVEHuwg8ZILA+Vh\nHWAHqViOl4IHqg4R6DW89XT0s/0QDK8swYxl5eFbBaJFx5gcYAiOp24ePjMIeTNn\njGTreZ9CrybQpbatbAKGe4h2gJNRiaSbj3F/dSRRR2DS6JmHr7O5U9aaMPRKupNl\nRnsu46wCNaIMhHs9GBZ4eM3vfZ4abxacyA0i+AUYy4iusHPHzkSVoRswSkEaznrm\neH2Xd169L9wRnwhoa0cMnKIsJI002PHiPLOmKzxtAoIBAQCwqAR9khT5RHDXrIB3\nrq1gyP8uNPEcUPsX+HwD4wpl3L6ibJVRrXIkXOMmtMeDp8t8u9+2wJ0eiHdZ2nJs\nbGH4vzp+EIGehzLJ8BpJtiTQKV6ZLjFJHr4JC6DngEKQDgaRWdkBcTYVKYaJIFfo\n+/c9RSBlRS7fxzxuOXntianL0Rmsxvp3wccqecp3FKUlGkdWqHvxQlBwo5nHoZtg\nqMQhQKPe+mvQnYrTfr74EE+ztVdPaNGq+mV/5/MsRqxDt5Pd1Qzb/S26FdbiRO+i\nDAksGdlMUqVKeR7rM3kyB0DKPGdZRzHBAMify8L05ER87qNUmDQ4X6mu33K5Qqya\n4fU9AoIBADrPswUr+Ug8hSbtOeUZ5kvkyKW8mXfW0HL76Rw3OH98G9+HpI32osse\nrYH5NpbpOWetySrfpcvLHCLdozJ15U7H9ftiD5h0yjNWbWJvAQDGBUOttXlA+G5t\nhBkFCv7V3goHMnN+7mr/68/oejNq/xPnW+w4lP1KeeRAzmRBBxGohfEl6VW+3ZK3\nzEwaE4Xr1qrVF80RG3Dx7LWGU4ijl8Ng5ETfgnW/wllcM8f4JbDjU/aoqF79Wwd+\nKILDcn1gxp50We7d5LG2tRVFMq0pdwW0EpxoOpoKHgTyfBV0UK/cw6vJysiwPXJF\nvoia4WE8BAP7JzRR6R/TIUGPivupIp0=\n-----END PRIVATE KEY-----\n",
            "public_key_fingerprint_md5": "e3:03:d8:7f:95:99:61:4d:95:81:b1:76:91:ad:07:33",
            "public_key_fingerprint_sha256": "SHA256:ZI0EiKJw2CUzTGfjIcqQ8nDFG2wNwkf6UnSh+aMFdNY",
            "public_key_openssh": "ssh-rsa AAAAB3NzaC1yc2EAAAADAQABAAACAQCed+0sAfwiN0VHkfxY7p5EaQjcRV2fpKB8M4MC9xuTLpAiRcGKSXErno1FwGMuEnKCCDcYGpH2RI0B4P5Xrtk787JclieYgTBTfqa9N1ePd355dZEDaEiyJQInrnDSJBqnUd6eLNjnru83fvUXk/i2UgcTvE5DD2DvdoGCHcm4LgLKfMrZidXWDP3fwttAI0MQaFWowHFjObWuHkWaWEblpy5348KVxejp8PhhvTnOFXwSYP1myomANBj8aVpUpTEkYAQ9vm2lg1lyAugy4u0nKgZIHNA7x0rlJQ4hBW6ZVB/e/H1bf67abBGPrE9I+ObS79G0LZYetxmSkrhYcZ+CLxe2gNZvNeKaSqGn77BfI6z8wfwSbD+FpiCOg+tsQgynHL3qJZcDf1FS6oM/dCSabqRiAlItsJJqnYW3Msg8WJAo/MW/Ag8J29JFiKf/7daAVoPCFpTkDEAVYAd5ATJTvyntY7hOwL7XHl9+OT1pKWzXxUjPgad3gGAiBMSSKiw/QyQwNTby5nmSxasaJzrLJwmNcbX1R98D/0tDUnZ37xa0J/u+qmXDOwWyb4HMyUpKcHRlGrhyCWsrBhBgBTsMZqFp+p2Ps8dA6HZybk3RPrNRyBFQ1f+xw+f/J7yy4FZE614+Jc2PewWo/bnj2IR6ke7UbpAuorfnEnOsh1G0MQ==\n",
            "public_key_pem": "-----BEGIN PUBLIC KEY-----\nMIICIjANBgkqhkiG9w0BAQEFAAOCAg8AMIICCgKCAgEAnnftLAH8IjdFR5H8WO6e\nRGkI3EVdn6SgfDODAvcbky6QIkXBiklxK56NRcBjLhJyggg3GBqR9kSNAeD+V67Z\nO/OyXJYnmIEwU36mvTdXj3d+eXWRA2hIsiUCJ65w0iQap1HenizY567vN371F5P4\ntlIHE7xOQw9g73aBgh3JuC4CynzK2YnV1gz938LbQCNDEGhVqMBxYzm1rh5FmlhG\n5acud+PClcXo6fD4Yb05zhV8EmD9ZsqJgDQY/GlaVKUxJGAEPb5tpYNZcgLoMuLt\nJyoGSBzQO8dK5SUOIQVumVQf3vx9W3+u2mwRj6xPSPjm0u/RtC2WHrcZkpK4WHGf\ngi8XtoDWbzXimkqhp++wXyOs/MH8Emw/haYgjoPrbEIMpxy96iWXA39RUuqDP3Qk\nmm6kYgJSLbCSap2FtzLIPFiQKPzFvwIPCdvSRYin/+3WgFaDwhaU5AxAFWAHeQEy\nU78p7WO4TsC+1x5ffjk9aSls18VIz4Gnd4BgIgTEkiosP0MkMDU28uZ5ksWrGic6\nyycJjXG19UffA/9LQ1J2d+8WtCf7vqplwzsFsm+BzMlKSnB0ZRq4cglrKwYQYAU7\nDGahafqdj7PHQOh2cm5N0T6zUcgRUNX/scPn/ye8suBWROtePiXNj3sFqP2549iE\nepHu1G6QLqK35xJzrIdRtDECAwEAAQ==\n-----END PUBLIC KEY-----\n",
            "rsa_bits": 4096
          },
          "sensitive_attributes": []
        }
      ]
    }
  ],
  "check_results": null
}
